
Microsoft Visual Studio Solution File, Format Version 12.00
# Visual Studio 15
VisualStudioVersion = 15.0.27004.2009
MinimumVisualStudioVersion = 10.0.40219.1
Project("{FAE04EC0-301F-11D3-BF4B-00C04F79EFBC}") = "loginSecur", "loginSecur\loginSecur.csproj", "{FCFC7345-01CB-4ACA-B951-2C80CD20F788}"
EndProject
Project("{54435603-DBB4-11D2-8724-00A0C9A8B90C}") = "loginSecurSetup", "loginSecurSetup\loginSecurSetup.vdproj", "{6564A866-690B-4AC1-9D85-398CA2E55459}"
EndProject
Global
	GlobalSection(SolutionConfigurationPlatforms) = preSolution
		Debug|Any CPU = Debug|Any CPU
		Release|Any CPU = Release|Any CPU
	EndGlobalSection
	GlobalSection(ProjectConfigurationPlatforms) = postSolution
		{FCFC7345-01CB-4ACA-B951-2C80CD20F788}.Debug|Any CPU.ActiveCfg = Debug|Any CPU
		{FCFC7345-01CB-4ACA-B951-2C80CD20F788}.Debug|Any CPU.Build.0 = Debug|Any CPU
		{FCFC7345-01CB-4ACA-B951-2C80CD20F788}.Release|Any CPU.ActiveCfg = Release|Any CPU
		{FCFC7345-01CB-4ACA-B951-2C80CD20F788}.Release|Any CPU.Build.0 = Release|Any CPU
		{6564A866-690B-4AC1-9D85-398CA2E55459}.Debug|Any CPU.ActiveCfg = Debug
		{6564A866-690B-4AC1-9D85-398CA2E55459}.Release|Any CPU.ActiveCfg = Release
	EndGlobalSection
	GlobalSection(SolutionProperties) = preSolution
		HideSolutionNode = FALSE
	EndGlobalSection
	GlobalSection(ExtensibilityGlobals) = postSolution
		SolutionGuid = {4E945CE8-8EDA-4BDE-B1AC-46778CD42275}
	EndGlobalSection
EndGlobal
