
Microsoft Visual Studio Solution File, Format Version 12.00
# Visual Studio 15
VisualStudioVersion = 15.0.27004.2009
MinimumVisualStudioVersion = 10.0.40219.1
Project("{54435603-DBB4-11D2-8724-00A0C9A8B90C}") = "Installer for flash security", "Installer for flash security\Installer for flash security.vdproj", "{6F38078E-07C0-4A4A-B944-6A4746FAD609}"
EndProject
Project("{FAE04EC0-301F-11D3-BF4B-00C04F79EFBC}") = "loginSecur", "..\loginSecur\loginSecur.csproj", "{FCFC7345-01CB-4ACA-B951-2C80CD20F788}"
EndProject
Global
	GlobalSection(SolutionConfigurationPlatforms) = preSolution
		Debug|Any CPU = Debug|Any CPU
		Release|Any CPU = Release|Any CPU
	EndGlobalSection
	GlobalSection(ProjectConfigurationPlatforms) = postSolution
		{6F38078E-07C0-4A4A-B944-6A4746FAD609}.Debug|Any CPU.ActiveCfg = Debug
		{6F38078E-07C0-4A4A-B944-6A4746FAD609}.Debug|Any CPU.Build.0 = Debug
		{6F38078E-07C0-4A4A-B944-6A4746FAD609}.Release|Any CPU.ActiveCfg = Release
		{6F38078E-07C0-4A4A-B944-6A4746FAD609}.Release|Any CPU.Build.0 = Release
		{FCFC7345-01CB-4ACA-B951-2C80CD20F788}.Debug|Any CPU.ActiveCfg = Debug|Any CPU
		{FCFC7345-01CB-4ACA-B951-2C80CD20F788}.Debug|Any CPU.Build.0 = Debug|Any CPU
		{FCFC7345-01CB-4ACA-B951-2C80CD20F788}.Release|Any CPU.ActiveCfg = Release|Any CPU
		{FCFC7345-01CB-4ACA-B951-2C80CD20F788}.Release|Any CPU.Build.0 = Release|Any CPU
	EndGlobalSection
	GlobalSection(SolutionProperties) = preSolution
		HideSolutionNode = FALSE
	EndGlobalSection
	GlobalSection(ExtensibilityGlobals) = postSolution
		SolutionGuid = {4353DE4C-2020-4287-ABA2-3FF194194418}
	EndGlobalSection
EndGlobal
